
Microsoft Visual Studio Solution File, Format Version 11.00
# Visual Studio 2010
Project("{FAE04EC0-301F-11D3-BF4B-00C04F79EFBC}") = "WebSite.Core", "WebSite.Core.csproj", "{F296C4EB-60F0-4B4B-892F-7A3CF168D2B7}"
EndProject
Global
	GlobalSection(SolutionConfigurationPlatforms) = preSolution
		Debug|Any CPU = Debug|Any CPU
		Release|Any CPU = Release|Any CPU
	EndGlobalSection
	GlobalSection(ProjectConfigurationPlatforms) = postSolution
		{F296C4EB-60F0-4B4B-892F-7A3CF168D2B7}.Debug|Any CPU.ActiveCfg = Debug|Any CPU
		{F296C4EB-60F0-4B4B-892F-7A3CF168D2B7}.Debug|Any CPU.Build.0 = Debug|Any CPU
		{F296C4EB-60F0-4B4B-892F-7A3CF168D2B7}.Release|Any CPU.ActiveCfg = Release|Any CPU
		{F296C4EB-60F0-4B4B-892F-7A3CF168D2B7}.Release|Any CPU.Build.0 = Release|Any CPU
	EndGlobalSection
	GlobalSection(SolutionProperties) = preSolution
		HideSolutionNode = FALSE
	EndGlobalSection
EndGlobal
